PODS:
  - GRTextField (1.0.2)
  - Nimble (7.0.2)

DEPENDENCIES:
  - GRTextField (from `../`)
  - Nimble (~> 7.0)

EXTERNAL SOURCES:
  GRTextField:
    :path: ../

SPEC CHECKSUMS:
  GRTextField: 812aecc764aeee5e7363953bf414e6173d62144f
  Nimble: bfe1f814edabba69ff145cb1283e04ed636a67f2

PODFILE CHECKSUM: 2a51fe902d5b687c6a0fe0f4b2c0101b72ef55d6

COCOAPODS: 1.3.1
